schema: '2.0'
stages:
  train:
    cmd: python ../run_experiment.py --verbose --train --cuda --root_path ../../ --model_path
      model.pt
    deps:
    - path: ../run_experiment.py
      md5: b55d536790f95df04eb94d5ec772a60b
      size: 2526
    params:
      params.yaml:
        features.collate_resize: crop
        features.number_of_channels: 1
        features.sampling_rate: 44100
        features.waveform_normalization.scope: none
        features.waveform_normalization.type: none
        train.augmentation: pink
        train.batch_size: 128
        train.learning_rate: 0.0001
        train.nepochs: 150
        train.random_seed: 12345
        train.train_percent: 0.8
    outs:
    - path: model.pt
      md5: 8fbe9f4ed786e151c93df7479661fc55
      size: 1521130
    - path: traced_model.pt
      md5: f96fb357e53d49674df9ddf063bde43b
      size: 1556593
    - path: training_metrics
      md5: 5d276dc3a20ee5a40d9a99e57e78e302.dir
      size: 34055
      nfiles: 6
