schema: '2.0'
stages:
  train:
    cmd: python ../../run_experiment.py --verbose --train --cuda --root_path ../../../
      --model_path model.pt
    deps:
    - path: ../../run_experiment.py
      md5: b55d536790f95df04eb94d5ec772a60b
      size: 2526
    params:
      params.yaml:
        features.collate_resize: none
        features.number_of_channels: 1
        features.sampling_rate: 32000
        features.waveform_normalization.scope: none
        features.waveform_normalization.type: none
        train.batch_size: 64
        train.clf_head: 1L
        train.dataset:
        - AUMILAB
        train.finetuning: SPASS
        train.freeze: false
        train.ft_percent: 0.8
        train.learning_rate: 1e-06
        train.nepochs: 500
        train.random_seed: 54321
        train.train_percent: 0.8
    outs:
    - path: model.pt
      md5: 594eafe040920613eb090c17b4619f83
      size: 349815508
    - path: traced_model.pt
      md5: 94f26ef4478079c16c0df25b011ab3d7
      size: 323676353
    - path: training_metrics
      md5: 7d5394cd40cedc860c1a09acf8642803.dir
      size: 45965
      nfiles: 6
