schema: '2.0'
stages:
  train:
    cmd: python ../../run_experiment.py --verbose --train --cuda --root_path ../../../
      --model_path model.pt
    deps:
    - path: ../../run_experiment.py
      md5: b55d536790f95df04eb94d5ec772a60b
      size: 2526
    params:
      params.yaml:
        features.collate_resize: none
        features.number_of_channels: 1
        features.sampling_rate: 32000
        features.waveform_normalization.scope: none
        features.waveform_normalization.type: none
        train.batch_size: 64
        train.clf_head: 1L
        train.dataset:
        - SINGAPURA
        train.finetuning: SPASS
        train.freeze: false
        train.ft_percent: 0.5
        train.learning_rate: 1e-07
        train.nepochs: 500
        train.random_seed: 109876
        train.train_percent: 0.8
    outs:
    - path: model.pt
      md5: e0972d325c04571065daf4f75bd475f6
      size: 349717204
    - path: traced_model.pt
      md5: 8097a476a418aa2cdb54a97bd29ed507
      size: 323578113
    - path: training_metrics
      md5: 79d4a8fafb81d75d6bde91b0629ecc7f.dir
      size: 109322
      nfiles: 6
