schema: '2.0'
stages:
  train:
    cmd: python ../run_experiment.py --verbose --train --cuda --root_path ../../ --model_path
      model.pt
    deps:
    - path: ../run_experiment.py
      md5: b55d536790f95df04eb94d5ec772a60b
      size: 2526
    params:
      params.yaml:
        features.collate_resize: none
        features.number_of_channels: 1
        features.sampling_rate: 32000
        features.waveform_normalization.scope: none
        features.waveform_normalization.type: none
        train.batch_size: 64
        train.clf_head: 1L
        train.dataset:
        - AUMILAB
        train.finetuning: PANN-pretrained
        train.freeze: false
        train.ft_percent: 0.2
        train.learning_rate: 1e-06
        train.nepochs: 500
        train.random_seed: 12345
        train.train_percent: 0.8
    outs:
    - path: model.pt
      md5: bedc540c30140fac7b16aa5ef5079234
      size: 349815508
    - path: traced_model.pt
      md5: a60c63f2ab0e34e743f4ef22fd08a5fb
      size: 323676353
    - path: training_metrics
      md5: 7f74b9e023fdaf935c269e24770ab41c.dir
      size: 114607
      nfiles: 6
