schema: '2.0'
stages:
  train:
    cmd: python ../../run_experiment.py --verbose --train --cuda --root_path ../../../
      --model_path model.pt
    deps:
    - path: ../../run_experiment.py
      md5: b55d536790f95df04eb94d5ec772a60b
      size: 2526
    params:
      params.yaml:
        features.collate_resize: none
        features.number_of_channels: 1
        features.sampling_rate: 32000
        features.waveform_normalization.scope: none
        features.waveform_normalization.type: none
        train.batch_size: 64
        train.dataset:
        - AUMILAB
        train.learning_rate: 1e-06
        train.nepochs: 500
        train.random_seed: 54321
        train.train_percent: 0.7
    outs:
    - path: model.pt
      md5: cba0d603b0836e224a917452e11f89fe
      size: 349815380
    - path: traced_model.pt
      md5: 8203fc23ccb3c37ace4178b061481756
      size: 323676289
    - path: training_metrics
      md5: 8d4117a452c09259ec550f22d6fabaac.dir
      size: 56028
      nfiles: 6
