schema: '2.0'
stages:
  train:
    cmd: python ../../run_experiment.py --verbose --train --cuda --root_path ../../../
      --model_path model.pt
    deps:
    - path: ../../run_experiment.py
      md5: b55d536790f95df04eb94d5ec772a60b
      size: 2526
    params:
      params.yaml:
        features.collate_resize: none
        features.number_of_channels: 1
        features.sampling_rate: 32000
        features.waveform_normalization.scope: none
        features.waveform_normalization.type: none
        train.batch_size: 64
        train.clf_head: 1L
        train.dataset:
        - SINGAPURA
        train.finetuning: PANN-pretrained
        train.freeze: false
        train.ft_percent: 0.5
        train.learning_rate: 1e-06
        train.nepochs: 500
        train.random_seed: 54321
        train.train_percent: 0.8
    outs:
    - path: model.pt
      md5: c0caa8f1e904bc55d85c54306e5033b5
      size: 349717204
    - path: traced_model.pt
      md5: 4fe079ed53e1807228639595d3612909
      size: 323578049
    - path: training_metrics
      md5: 7e06010d7c43b4cbc34f8542bda32875.dir
      size: 114457
      nfiles: 6
