schema: '2.0'
stages:
  train:
    cmd: python ../run_experiment.py --verbose --train --cuda --root_path ../../ --model_path
      model.pt
    deps:
    - path: ../run_experiment.py
      md5: 01a8584af696f0d4dcce40c4000aef69
      size: 2604
    params:
      params.yaml:
        features.collate_resize: pad
        features.number_of_channels: 1
        features.sampling_rate: 32000
        features.waveform_normalization.scope: none
        features.waveform_normalization.type: none
        train.batch_size: 64
        train.learning_rate: 0.001
        train.nepochs: 120
        train.random_seed: 1234
        train.train_percent: 0.8
    outs:
    - path: model.pt
      md5: eee609575a2d0c05c30756345eda6bc8
      size: 349864916
    - path: traced_model.pt
      md5: 0670c3a620badb19ed9c4b816c2a9702
      size: 323725031
    - path: training_metrics
      md5: 44299f5093ed903e2c169fc19c6f0791.dir
      size: 27266
      nfiles: 6
