schema: '2.0'
stages:
  train:
    cmd: python ../run_experiment.py --verbose --train --cuda --root_path ../../ --model_path
      model.pt
    deps:
    - path: ../run_experiment.py
      md5: 01a8584af696f0d4dcce40c4000aef69
      size: 2604
    params:
      params.yaml:
        features.collate_resize: crop
        features.number_of_channels: 1
        features.sampling_rate: 32000
        features.waveform_normalization.scope: none
        features.waveform_normalization.type: none
        train.batch_size: 64
        train.learning_rate: 0.001
        train.nepochs: 150
        train.random_seed: 12345
        train.train_percent: 0.8
    outs:
    - path: model.pt
      md5: a0715ee324048b3d23dcfa41b75c4c97
      size: 344218248
    - path: traced_model.pt
      md5: 820bdf03612a20d7d276e4c0572c3bc6
      size: 318081129
    - path: training_metrics
      md5: bd0c42fe8ecacacaed54e49aaee5c411.dir
      size: 24375
      nfiles: 6
