schema: '2.0'
stages:
  train:
    cmd: python ../../run_experiment.py --verbose --train --cuda --root_path ../../../
      --model_path model.pt
    deps:
    - path: ../../run_experiment.py
      md5: b55d536790f95df04eb94d5ec772a60b
      size: 2526
    params:
      params.yaml:
        features.collate_resize: none
        features.number_of_channels: 1
        features.sampling_rate: 32000
        features.waveform_normalization.scope: none
        features.waveform_normalization.type: none
        train.batch_size: 64
        train.clf_head: 1L
        train.dataset:
        - AUMILAB
        train.finetuning: SPASS
        train.freeze: false
        train.ft_percent: 0.5
        train.learning_rate: 1e-06
        train.nepochs: 500
        train.random_seed: 54321
        train.train_percent: 0.8
    outs:
    - path: model.pt
      md5: 25b9c7497dbfa50f28188f7f418bda50
      size: 349815508
    - path: traced_model.pt
      md5: d94df5d620c7fae8b577f0c7883c6a4f
      size: 323676417
    - path: training_metrics
      md5: 53ca9f54275156c75ded673106287c93.dir
      size: 40113
      nfiles: 6
