schema: '2.0'
stages:
  train_esc:
    cmd: python train_esc.py ../../datasets model.pt
    deps:
    - path: ../../datasets.py
      md5: b2020a74a58eecf25c22cb3f72527f71
      size: 5770
    - path: ../../features.py
      md5: 977d53647c8fd415c1a467dcda9db17a
      size: 1753
    - path: ../../transforms.py
      md5: b4f9c52c8cb21f01cf382713520b3bfc
      size: 2555
    - path: model.py
      md5: 162685631f3693b366a18c20ceb29fc2
      size: 806
    - path: train_esc.py
      md5: ee96ff6b9d66599ac17958ff05ccfc5a
      size: 2234
    params:
      ../../params.yaml:
        features.global_normalization: false
        features.mel_transform.n_mels: 64
        features.mel_transform.normalized: false
        features.sampling_rate: 8000
        train.batch_size: 32
        train.learning_rate: 0.001
        train.nepochs: 50
        train.random_seed: 1234
    outs:
    - path: model.pt
      md5: 8de77dddacd2e6e2e9f2262c06fd05ac
      size: 289615
    - path: training_metrics
      md5: d3e0553f5b91e0c0a5df271f33080e5d.dir
      size: 3746
      nfiles: 2
  train:
    cmd: python ../run_experiment.py --verbose --train --cuda --root_path ../../ --model_path
      model.pt
    deps:
    - path: ../run_experiment.py
      md5: 01a8584af696f0d4dcce40c4000aef69
      size: 2604
    params:
      params.yaml:
        features.collate_resize: pad
        features.mel_transform.n_mels: 64
        features.mel_transform.normalized: false
        features.number_of_channels: 1
        features.sampling_rate: 8000
        features.waveform_normalization.scope: local
        features.waveform_normalization.type: zscore
        train.batch_size: 32
        train.dataset:
        - ESC
        train.learning_rate: 0.001
        train.nepochs: 1
        train.random_seed: 1234
    outs:
    - path: model.pt
      md5: d346f09d2a09cd6bfbe4c5e6334b7c2d
      size: 281167
    - path: traced_model.pt
      md5: 33b2403e81a74fb88f22c470cdecd262
      size: 288855
    - path: training_metrics
      md5: 96c573a1ea72786dee6f5e7edb50dd5f.dir
      size: 396
      nfiles: 6
