schema: '2.0'
stages:
  train_esc:
    cmd: python train_esc.py ../../datasets model.pt
    deps:
    - path: ../../datasets.py
      md5: b2020a74a58eecf25c22cb3f72527f71
      size: 5770
    - path: ../../features.py
      md5: 977d53647c8fd415c1a467dcda9db17a
      size: 1753
    - path: ../../transforms.py
      md5: b4f9c52c8cb21f01cf382713520b3bfc
      size: 2555
    - path: model.py
      md5: 162685631f3693b366a18c20ceb29fc2
      size: 806
    - path: train_esc.py
      md5: ee96ff6b9d66599ac17958ff05ccfc5a
      size: 2234
    params:
      ../../params.yaml:
        features.global_normalization: false
        features.mel_transform.n_mels: 64
        features.mel_transform.normalized: false
        features.sampling_rate: 8000
        train.batch_size: 32
        train.learning_rate: 0.001
        train.nepochs: 50
        train.random_seed: 1234
    outs:
    - path: model.pt
      md5: 8de77dddacd2e6e2e9f2262c06fd05ac
      size: 289615
    - path: training_metrics
      md5: d3e0553f5b91e0c0a5df271f33080e5d.dir
      size: 3746
      nfiles: 2
  train:
    cmd: python main.py --train --root_path ../../ --model_path model.pt
    deps:
    - path: main.py
      md5: 296bcdf1d2f78769c1ca2bead0006421
      size: 1775
    - path: model.py
      md5: 3c9ecc4854c7eeaf9abc5e4dfe99624a
      size: 1075
    - path: trainer.py
      md5: 85b4cd73059d7d9d6c0bc1d5caaf6d77
      size: 2958
    params:
      params.yaml:
        features.global_normalization: false
        features.mel_transform.n_mels: 64
        features.mel_transform.normalized: false
        features.sampling_rate: 8000
        train.batch_size: 32
        train.learning_rate: 0.001
        train.nepochs: 50
        train.random_seed: 1234
    outs:
    - path: model.pt
      md5: 1ba3ba3922f68a000b2410f479795925
      size: 289423
    - path: traced_model.pt
      md5: d38264357cb2b1120d9abbfac13a3797
      size: 297917
    - path: training_metrics
      md5: c8ced8b3519d430c8620a54a5a6312d1.dir
      size: 3737
      nfiles: 2
