schema: '2.0'
stages:
  train:
    cmd: python ../../run_experiment.py --verbose --train --cuda --root_path ../../../
      --model_path model.pt
    deps:
    - path: ../../run_experiment.py
      md5: b55d536790f95df04eb94d5ec772a60b
      size: 2526
    params:
      params.yaml:
        features.collate_resize: random-crop
        features.number_of_channels: 1
        features.sampling_rate: 32000
        features.waveform_normalization.scope: none
        features.waveform_normalization.type: none
        train.batch_size: 64
        train.clf_head: 1L
        train.dataset:
        - AUMILAB
        train.finetuning: SPASS
        train.freeze: false
        train.ft_percent: 0.2
        train.learning_rate: 1e-05
        train.nepochs: 500
        train.random_seed: 54321
        train.train_percent: 0.8
    outs:
    - path: model.pt
      md5: c400727e19261833565633a57696867d
      size: 143220209
    - path: traced_model.pt
      md5: f2a94f78eff11698ca59a56c8d6e3c6e
      size: 117304131
    - path: training_metrics
      md5: dd3e716d083c45d63fdf90be9cbd5327.dir
      size: 48274
      nfiles: 6
