schema: '2.0'
stages:
  train:
    cmd: python ../run_experiment.py --verbose --train --cuda --root_path ../../ --model_path
      model.pt
    deps:
    - path: ../run_experiment.py
      md5: b55d536790f95df04eb94d5ec772a60b
      size: 2526
    params:
      params.yaml:
        features.collate_resize: random-crop
        features.number_of_channels: 1
        features.sampling_rate: 32000
        features.waveform_normalization.scope: none
        features.waveform_normalization.type: none
        train.batch_size: 64
        train.learning_rate: 1e-05
        train.nepochs: 500
        train.random_seed: 12345
        train.train_percent: 0.8
    outs:
    - path: model.pt
      md5: 3ea9634a1ac494bcd646b0aa0fe22c64
      size: 143220209
    - path: traced_model.pt
      md5: 00c93bcfc5a1c8264c3d02d781c1c83b
      size: 117305091
    - path: training_metrics
      md5: 5cd970a969ae283c023b22d527cba76c.dir
      size: 37178
      nfiles: 6
