schema: '2.0'
stages:
  train:
    cmd: python ../../run_experiment.py --verbose --train --cuda --root_path ../../../
      --model_path model.pt
    deps:
    - path: ../../run_experiment.py
      md5: b55d536790f95df04eb94d5ec772a60b
      size: 2526
    params:
      params.yaml:
        features.collate_resize: none
        features.number_of_channels: 1
        features.sampling_rate: 32000
        features.waveform_normalization.scope: none
        features.waveform_normalization.type: none
        train.batch_size: 64
        train.clf_head: 1L
        train.dataset:
        - SINGAPURA
        train.finetuning: SPASS
        train.freeze: false
        train.ft_percent: 0.2
        train.learning_rate: 1e-07
        train.nepochs: 500
        train.random_seed: 109876
        train.train_percent: 0.8
    outs:
    - path: model.pt
      md5: f98d244d3ab0fc1d23c12357cd95da20
      size: 349717204
    - path: traced_model.pt
      md5: 5926dbfd9a4d0b35acc5c4b226734152
      size: 323578049
    - path: training_metrics
      md5: 20253c445b48c6b86d1474172302593e.dir
      size: 114095
      nfiles: 6
