schema: '2.0'
stages:
  train:
    cmd: python ../run_experiment.py --verbose --train --cuda --root_path ../../ --model_path
      model.pt
    deps:
    - path: ../run_experiment.py
      md5: 01a8584af696f0d4dcce40c4000aef69
      size: 2604
    params:
      params.yaml:
        features.collate_resize: crop
        features.number_of_channels: 1
        features.sampling_rate: 32000
        features.waveform_normalization.scope: none
        features.waveform_normalization.type: none
        train.augmentation: pink
        train.batch_size: 32
        train.learning_rate: 0.001
        train.nepochs: 200
        train.random_seed: 12345
        train.train_percent: 0.8
    outs:
    - path: model.pt
      md5: 94f40ef86f0428b9d340c50553bcc699
      size: 344218248
    - path: traced_model.pt
      md5: e898c276e92e24c79b98b68b99fbc4e7
      size: 318081577
    - path: training_metrics
      md5: 2560f7c3aeba11cd66a23fd0c0db354d.dir
      size: 22745
      nfiles: 6
