schema: '2.0'
stages:
  train:
    cmd: python ../../run_experiment.py --verbose --train --cuda --root_path ../../../
      --model_path model.pt
    deps:
    - path: ../../run_experiment.py
      md5: b55d536790f95df04eb94d5ec772a60b
      size: 2526
    params:
      params.yaml:
        features.collate_resize: none
        features.number_of_channels: 1
        features.sampling_rate: 32000
        features.waveform_normalization.scope: none
        features.waveform_normalization.type: none
        train.batch_size: 64
        train.clf_head: 1L
        train.dataset:
        - AUMILAB
        train.finetuning: SPASS
        train.freeze: false
        train.ft_percent: 0.5
        train.learning_rate: 1e-06
        train.nepochs: 500
        train.random_seed: 678910
        train.train_percent: 0.8
    outs:
    - path: model.pt
      md5: d017fb0e900165639ea6d327f623ed20
      size: 349815508
    - path: traced_model.pt
      md5: 816f916b967440229df06cd3c0712ad0
      size: 323676353
    - path: training_metrics
      md5: 924229dbd56f621718dd3f73d8b7e1ac.dir
      size: 45910
      nfiles: 6
