schema: '2.0'
stages:
  train:
    cmd: python ../run_experiment.py --verbose --train --cuda --root_path ../../ --model_path
      model.pt
    deps:
    - path: ../run_experiment.py
      md5: 01a8584af696f0d4dcce40c4000aef69
      size: 2604
    params:
      params.yaml:
        features.collate_resize: pad
        features.mel_transform.n_mels: 40
        features.mel_transform.normalized: false
        features.number_of_channels: 1
        features.sampling_rate: 44100
        features.waveform_normalization.scope: none
        features.waveform_normalization.type: none
        train.batch_size: 128
        train.learning_rate: 0.001
        train.nepochs: 150
        train.random_seed: 12345
        train.train_percent: 0.8
    outs:
    - path: model.pt
      md5: bb6d40c880e6e3882b511a4294aa3617
      size: 1521130
    - path: traced_model.pt
      md5: de9bb46bbd9a1fc0134106e8c9c82b13
      size: 1556593
    - path: training_metrics
      md5: c64e9342200e38fbf5420ef13529e87d.dir
      size: 33976
      nfiles: 6
