schema: '2.0'
stages:
  train:
    cmd: python ../../run_experiment.py --verbose --train --cuda --root_path ../../../
      --model_path model.pt
    deps:
    - path: ../../run_experiment.py
      md5: b55d536790f95df04eb94d5ec772a60b
      size: 2526
    params:
      params.yaml:
        features.collate_resize: none
        features.number_of_channels: 1
        features.sampling_rate: 32000
        features.waveform_normalization.scope: none
        features.waveform_normalization.type: none
        train.batch_size: 64
        train.dataset:
        - AUMILAB
        train.learning_rate: 1e-06
        train.nepochs: 500
        train.random_seed: 109876
        train.train_percent: 0.7
    outs:
    - path: model.pt
      md5: 988bb515a53e2afe0536b20ac5f8f7dd
      size: 349815380
    - path: traced_model.pt
      md5: 9022bed7499c5610a99160ae3c30cb3e
      size: 323676289
    - path: training_metrics
      md5: d189d2602ed906e1db15a923c6413a5e.dir
      size: 48787
      nfiles: 6
