schema: '2.0'
stages:
  train:
    cmd: python ../run_experiment.py --verbose --train --cuda --root_path ../../ --model_path
      model.pt
    deps:
    - path: ../run_experiment.py
      md5: b55d536790f95df04eb94d5ec772a60b
      size: 2526
    params:
      params.yaml:
        features.collate_resize: crop
        features.number_of_channels: 1
        features.sampling_rate: 32000
        features.waveform_normalization.scope: none
        features.waveform_normalization.type: none
        train.batch_size: 64
        train.dataset:
        - SINGAPURA
        train.learning_rate: 5e-07
        train.nepochs: 250
        train.random_seed: 12345
        train.train_percent: 0.8
    outs:
    - path: model.pt
      md5: 991d81f74754674d24bc4afdad08437c
      size: 349717076
    - path: traced_model.pt
      md5: 9d69d426935958f685d2095918833de4
      size: 323577921
    - path: training_metrics
      md5: fcccb0dcf3763f78a0bd18f0f01d4bde.dir
      size: 57459
      nfiles: 6
