schema: '2.0'
stages:
  train:
    cmd: python ../run_experiment.py --verbose --train --cuda --root_path ../../ --model_path
      model.pt
    deps:
    - path: ../run_experiment.py
      md5: b55d536790f95df04eb94d5ec772a60b
      size: 2526
    params:
      params.yaml:
        features.collate_resize: random-crop
        features.number_of_channels: 1
        features.sampling_rate: 32000
        features.waveform_normalization.scope: none
        features.waveform_normalization.type: none
        train.batch_size: 64
        train.dataset:
        - SINGAPURA
        train.learning_rate: 1e-07
        train.nepochs: 500
        train.random_seed: 12345
        train.train_percent: 0.7
    outs:
    - path: model.pt
      md5: d6464afe3c84782bfcff0cff9ff467e3
      size: 349717076
    - path: traced_model.pt
      md5: f5374cf3ce5d80950bbd065e3552c5fd
      size: 323577473
    - path: training_metrics
      md5: f222cb915d558ef097265e155af0e4ec.dir
      size: 105739
      nfiles: 6
