schema: '2.0'
stages:
  train:
    cmd: python ../run_experiment.py --verbose --train --cuda --root_path ../../ --model_path
      model.pt
    deps:
    - path: ../run_experiment.py
      md5: b55d536790f95df04eb94d5ec772a60b
      size: 2526
    params:
      params.yaml:
        features.collate_resize: random-crop
        features.number_of_channels: 1
        features.sampling_rate: 32000
        features.waveform_normalization.scope: none
        features.waveform_normalization.type: none
        train.batch_size: 64
        train.dataset:
        - SINGAPURA
        train.learning_rate: 1e-07
        train.nepochs: 500
        train.random_seed: 12345
        train.train_percent: 0.8
    outs:
    - path: model.pt
      md5: 5411c7c1e331637b12cad334c7826b87
      size: 349717076
    - path: traced_model.pt
      md5: aba3d29e0d440d16a82eed7c70bebc16
      size: 323578049
    - path: training_metrics
      md5: be76297d422ace795eb177dba007be8c.dir
      size: 115437
      nfiles: 6
