schema: '2.0'
stages:
  train:
    cmd: python ../../run_experiment.py --verbose --train --cuda --root_path ../../../
      --model_path model.pt
    deps:
    - path: ../../run_experiment.py
      md5: b55d536790f95df04eb94d5ec772a60b
      size: 2526
    params:
      params.yaml:
        features.collate_resize: random-crop
        features.number_of_channels: 1
        features.sampling_rate: 32000
        features.waveform_normalization.scope: none
        features.waveform_normalization.type: none
        train.batch_size: 64
        train.dataset:
        - SINGAPURA
        train.learning_rate: 1e-07
        train.nepochs: 500
        train.random_seed: 54321
        train.train_percent: 0.7
    outs:
    - path: model.pt
      md5: b577fc34f9391ab73a10644d037dce37
      size: 349717076
    - path: traced_model.pt
      md5: a15e83d7ad7cd739439e31bf976db031
      size: 323577601
    - path: training_metrics
      md5: d40d35f45dbb087aba17be8e260ebcdd.dir
      size: 99048
      nfiles: 6
