schema: '2.0'
stages:
  train:
    cmd: python ../run_experiment.py --verbose --train --cuda --root_path ../../ --model_path
      model.pt
    deps:
    - path: ../run_experiment.py
      md5: b55d536790f95df04eb94d5ec772a60b
      size: 2526
    params:
      params.yaml:
        features.collate_resize: random-crop
        features.number_of_channels: 1
        features.sampling_rate: 32000
        features.waveform_normalization.scope: none
        features.waveform_normalization.type: none
        train.batch_size: 64
        train.dataset:
        - AUMILAB
        train.learning_rate: 1e-06
        train.nepochs: 500
        train.random_seed: 12345
        train.train_percent: 0.7
    outs:
    - path: model.pt
      md5: 3bef9df458c3c2e78982fa7f99fb4a07
      size: 349815380
    - path: traced_model.pt
      md5: a2b9c1e01ea1290ab6dea1dc626bc016
      size: 323676353
    - path: training_metrics
      md5: adc1f7bc7046dc203b77deb1631e98e9.dir
      size: 115814
      nfiles: 6
