schema: '2.0'
stages:
  train:
    cmd: python ../run_experiment.py --verbose --train --cuda --root_path ../../ --model_path
      model.pt
    deps:
    - path: ../run_experiment.py
      md5: b55d536790f95df04eb94d5ec772a60b
      size: 2526
    params:
      params.yaml:
        features.collate_resize: random-crop
        features.number_of_channels: 1
        features.sampling_rate: 32000
        features.waveform_normalization.scope: none
        features.waveform_normalization.type: none
        train.batch_size: 64
        train.clf_head: 3L
        train.dataset:
        - VitGlobalROADS
        train.finetuning: SPASS
        train.freeze: false
        train.learning_rate: 1e-06
        train.nepochs: 500
        train.random_seed: 12345
        train.test_percent: 0.1
        train.train_percent: 0.75
    outs:
    - path: model.pt
      md5: b17eb2d7fb2bb82266a308ce5fca62e4
      size: 344115208
    - path: traced_model.pt
      md5: 856badec79de23fcc2df0ae9fece085c
      size: 317977321
    - path: training_metrics
      md5: b7da5ab09094474a8d73e068eda947b2.dir
      size: 7346
      nfiles: 6
