schema: '2.0'
stages:
  train:
    cmd: python ../run_experiment.py --verbose --train --cuda --root_path ../../ --model_path
      model.pt
    deps:
    - path: ../run_experiment.py
      md5: b55d536790f95df04eb94d5ec772a60b
      size: 2526
    params:
      params.yaml:
        features.collate_resize: none
        features.number_of_channels: 1
        features.sampling_rate: 32000
        features.waveform_normalization.scope: none
        features.waveform_normalization.type: none
        train.batch_size: 64
        train.clf_head: 1L
        train.dataset:
        - SINGAPURA
        train.finetuning: SPASS
        train.freeze: false
        train.ft_percent: 0.3
        train.learning_rate: 1e-07
        train.nepochs: 500
        train.random_seed: 12345
        train.train_percent: 0.8
    outs:
    - path: model.pt
      md5: c7f0fddbe1743bec97f3aa1f27d27d29
      size: 349717204
    - path: traced_model.pt
      md5: 55ce00cebdc9d5f37177296009c3125f
      size: 323578113
    - path: training_metrics
      md5: cdb9abd2518e40b0b26005bb8d79cb72.dir
      size: 89660
      nfiles: 6
