schema: '2.0'
stages:
  train:
    cmd: python ../run_experiment.py --verbose --train --cuda --root_path ../../ --model_path
      model.pt
    deps:
    - path: ../run_experiment.py
      md5: b55d536790f95df04eb94d5ec772a60b
      size: 2526
    params:
      params.yaml:
        features.collate_resize: random-crop
        features.number_of_channels: 1
        features.sampling_rate: 32000
        features.waveform_normalization.scope: none
        features.waveform_normalization.type: none
        train.batch_size: 64
        train.clf_head: 1L
        train.dataset:
        - AUMILAB
        train.finetuning: SPASS
        train.freeze: false
        train.ft_percent: 0.2
        train.learning_rate: 1e-05
        train.nepochs: 500
        train.random_seed: 654321
        train.train_percent: 0.8
    outs:
    - path: model.pt
      md5: 89d04529b9cd973ebfd21879e94bc72c
      size: 143220209
    - path: traced_model.pt
      md5: 8cdfaf5941bd3284b8317d7b4728969e
      size: 117303875
    - path: training_metrics
      md5: 622338b8157b4d87f4b37f17ed9e3096.dir
      size: 31746
      nfiles: 6
