schema: '2.0'
stages:
  train:
    cmd: python ../../run_experiment.py --verbose --train --cuda --root_path ../../../
      --model_path model.pt
    deps:
    - path: ../../run_experiment.py
      md5: b55d536790f95df04eb94d5ec772a60b
      size: 2526
    params:
      params.yaml:
        features.collate_resize: none
        features.number_of_channels: 1
        features.sampling_rate: 32000
        features.waveform_normalization.scope: none
        features.waveform_normalization.type: none
        train.batch_size: 64
        train.clf_head: 1L
        train.dataset:
        - SINGAPURA
        train.finetuning: PANN-pretrained
        train.freeze: false
        train.ft_percent: 0.8
        train.learning_rate: 1e-06
        train.nepochs: 500
        train.random_seed: 109876
        train.train_percent: 0.8
    outs:
    - path: model.pt
      md5: 1602aab9ac53cd0410adffe86c7587d4
      size: 349717204
    - path: traced_model.pt
      md5: c1a37df1f6f10ca822ff5973d2e4854c
      size: 323578049
    - path: training_metrics
      md5: 9d1001aa000d0963dc197472626b07e4.dir
      size: 115276
      nfiles: 6
