schema: '2.0'
stages:
  train_esc:
    cmd: python train_esc.py ../datasets model.pt
    deps:
    - path: ../datasets.py
      md5: 77aaa051b4eeab95e1417a7d82bde4bc
      size: 5848
    - path: ../features.py
      md5: f98c9219c219f1bc91a85035a4d32a07
      size: 1640
    - path: ../transforms.py
      md5: b4f9c52c8cb21f01cf382713520b3bfc
      size: 2555
    - path: model.py
      md5: 162685631f3693b366a18c20ceb29fc2
      size: 806
    - path: train_esc.py
      md5: 85d46cdfc05a5b7419b6d31ef77f5998
      size: 2115
    params:
      ../params.yaml:
        features.mel_transform.n_mels: 64
        features.sampling_rate: 8000
        train.batch_size: 32
        train.learning_rate: 0.001
        train.nepochs: 1
        train.random_seed: 1234
    outs:
    - path: model.pt
      md5: e2280ab150cc32c5ea9fb3c9ce56bd53
      size: 289615
    - path: training_metrics
      md5: 482a9eaaabb7bc538f69af82bc9ec8f5.dir
      size: 96
      nfiles: 2
