schema: '2.0'
stages:
  train:
    cmd: python ../run_experiment.py --verbose --train --cuda --root_path ../../ --model_path
      model.pt
    deps:
    - path: ../run_experiment.py
      md5: b55d536790f95df04eb94d5ec772a60b
      size: 2526
    params:
      params.yaml:
        features.collate_resize: crop
        features.number_of_channels: 1
        features.sampling_rate: 44100
        features.waveform_normalization.scope: none
        features.waveform_normalization.type: none
        train.augmentation: pink
        train.batch_size: 128
        train.learning_rate: 0.0001
        train.nepochs: 150
        train.random_seed: 12345
        train.train_percent: 0.8
    outs:
    - path: model.pt
      md5: 804b7435e9437d15c0efd40e12be9d90
      size: 1521130
    - path: traced_model.pt
      md5: 0a23da8ea413cafb43bb1a3c74c156ca
      size: 1556593
    - path: training_metrics
      md5: b63d89b137b1fc699aa8b85364f8aac2.dir
      size: 33986
      nfiles: 6
