schema: '2.0'
stages:
  train:
    cmd: python ../run_experiment.py --verbose --train --cuda --root_path ../../ --model_path
      model.pt
    deps:
    - path: ../run_experiment.py
      md5: b55d536790f95df04eb94d5ec772a60b
      size: 2526
    params:
      params.yaml:
        features.collate_resize: crop
        features.number_of_channels: 1
        features.sampling_rate: 32000
        features.waveform_normalization.scope: none
        features.waveform_normalization.type: none
        train.batch_size: 64
        train.learning_rate: 0.001
        train.nepochs: 150
        train.random_seed: 109876
        train.train_percent: 0.8
    outs:
    - path: model.pt
      md5: 86152b2446f116ae4372310cac94255a
      size: 349864916
    - path: traced_model.pt
      md5: dd10d0be6f6ac5a8a9ac340ae42c8ea3
      size: 323725543
    - path: training_metrics
      md5: ec16c30bc8eeb0615bfb68c33f6253c0.dir
      size: 20968
      nfiles: 6
