schema: '2.0'
stages:
  train:
    cmd: python ../../run_experiment.py --verbose --train --cuda --root_path ../../../
      --model_path model.pt
    deps:
    - path: ../../run_experiment.py
      md5: b55d536790f95df04eb94d5ec772a60b
      size: 2526
    params:
      params.yaml:
        features.collate_resize: none
        features.number_of_channels: 1
        features.sampling_rate: 32000
        features.waveform_normalization.scope: none
        features.waveform_normalization.type: none
        train.batch_size: 64
        train.clf_head: 1L
        train.dataset:
        - SINGAPURA
        train.finetuning: SPASS
        train.freeze: false
        train.ft_percent: 0.8
        train.learning_rate: 1e-07
        train.nepochs: 500
        train.random_seed: 109876
        train.train_percent: 0.8
    outs:
    - path: model.pt
      md5: b782cb7313f770a3054cec28112c3946
      size: 349717204
    - path: traced_model.pt
      md5: 29908ee14cc31005d2c4b39b20bbaecb
      size: 323578049
    - path: training_metrics
      md5: 77176849e6b6e119de2995c7e8690871.dir
      size: 115050
      nfiles: 6
