schema: '2.0'
stages:
  train:
    cmd: python ../../run_experiment.py --verbose --train --cuda --root_path ../../../
      --model_path model.pt
    deps:
    - path: ../../run_experiment.py
      md5: b55d536790f95df04eb94d5ec772a60b
      size: 2526
    params:
      params.yaml:
        features.collate_resize: none
        features.number_of_channels: 1
        features.sampling_rate: 32000
        features.waveform_normalization.scope: none
        features.waveform_normalization.type: none
        train.batch_size: 64
        train.clf_head: 1L
        train.dataset:
        - SINGAPURA
        train.finetuning: PANN-pretrained
        train.freeze: false
        train.ft_percent: 0.5
        train.learning_rate: 1e-06
        train.nepochs: 500
        train.random_seed: 109876
        train.train_percent: 0.8
    outs:
    - path: model.pt
      md5: 1454348dcd5c0e39e0357cbb59733d99
      size: 349717204
    - path: traced_model.pt
      md5: 3656db16873531ebabb0e7450644b01d
      size: 323578049
    - path: training_metrics
      md5: 7cc0b1c5301d51932c09b8fd9d6b8460.dir
      size: 114128
      nfiles: 6
